
Microsoft Visual Studio Solution File, Format Version 12.00
# Visual Studio Version 16
VisualStudioVersion = 16.0.31004.235
MinimumVisualStudioVersion = 10.0.40219.1
Project("{FAE04EC0-301F-11D3-BF4B-00C04F79EFBC}") = "csharpfeatures", "csharpfeatures\csharpfeatures.csproj", "{C64D5DEA-F71B-49FE-9431-93B2B600A4D1}"
EndProject
Global
	GlobalSection(SolutionConfigurationPlatforms) = preSolution
		Debug|Any CPU = Debug|Any CPU
		Release|Any CPU = Release|Any CPU
	EndGlobalSection
	GlobalSection(ProjectConfigurationPlatforms) = postSolution
		{C64D5DEA-F71B-49FE-9431-93B2B600A4D1}.Debug|Any CPU.ActiveCfg = Debug|Any CPU
		{C64D5DEA-F71B-49FE-9431-93B2B600A4D1}.Debug|Any CPU.Build.0 = Debug|Any CPU
		{C64D5DEA-F71B-49FE-9431-93B2B600A4D1}.Release|Any CPU.ActiveCfg = Release|Any CPU
		{C64D5DEA-F71B-49FE-9431-93B2B600A4D1}.Release|Any CPU.Build.0 = Release|Any CPU
	EndGlobalSection
	GlobalSection(SolutionProperties) = preSolution
		HideSolutionNode = FALSE
	EndGlobalSection
	GlobalSection(ExtensibilityGlobals) = postSolution
		SolutionGuid = {C6441561-F30B-4186-A61C-E24D829E892D}
	EndGlobalSection
EndGlobal
